<?xml version="1.0" encoding="utf-8"?>
<Project ToolsVersion="4.0" xmlns="http://schemas.microsoft.com/developer/msbuild/2003">
  <ItemGroup>
    <Filter Include="Source Files">
      <UniqueIdentifier>{4FC737F1-C7A5-4376-A066-2A32D752A2FF}</UniqueIdentifier>
      <Extensions>cpp;c;cc;cxx;def;odl;idl;hpj;bat;asm;asmx</Extensions>
    </Filter>
    <Filter Include="Header Files">
      <UniqueIdentifier>{93995380-89BD-4b04-88EB-625FBE52EBFB}</UniqueIdentifier>
      <Extensions>h;hpp;hxx;hm;inl;inc;xsd</Extensions>
    </Filter>
    <Filter Include="Resource Files">
      <UniqueIdentifier>{67DA6AB6-F800-4c08-8B7A-83BB121AAD01}</UniqueIdentifier>
      <Extensions>rc;ico;cur;bmp;dlg;rc2;rct;bin;rgs;gif;jpg;jpeg;jpe;resx;tiff;tif;png;wav;mfcribbon-ms</Extensions>
    </Filter>
    <Filter Include="Header Files\qtl">
      <UniqueIdentifier>{a0d811dd-605c-448d-b73d-560ed92c8bea}</UniqueIdentifier>
    </Filter>
    <Filter Include="Header Files\qtl\string">
      <UniqueIdentifier>{7276075e-5359-42e0-95c3-440db5958ecb}</UniqueIdentifier>
    </Filter>
    <Filter Include="Header Files\qc">
      <UniqueIdentifier>{fc3eee3c-bb61-4171-89c0-65ce1c55d885}</UniqueIdentifier>
    </Filter>
    <Filter Include="Source Files\qc">
      <UniqueIdentifier>{93b4fcd7-6ab1-4058-9791-0d2dc464e467}</UniqueIdentifier>
    </Filter>
    <Filter Include="Header Files\qtl\scheme">
      <UniqueIdentifier>{22eafb4d-381d-4aba-a698-f02ad98a3312}</UniqueIdentifier>
    </Filter>
    <Filter Include="Header Files\qtl\scheme\hash">
      <UniqueIdentifier>{0e7f8e32-3600-4c01-8900-3ed81609b1ae}</UniqueIdentifier>
    </Filter>
    <Filter Include="Header Files\qtl\system">
      <UniqueIdentifier>{72e577ee-fde0-4432-98dd-89b007c1f476}</UniqueIdentifier>
    </Filter>
    <Filter Include="Header Files\qtl\scheme\pointers">
      <UniqueIdentifier>{56aa2ef7-a869-40df-a1da-78bbe7b63ced}</UniqueIdentifier>
    </Filter>
  </ItemGroup>
  <ItemGroup>
    <Text Include="ReadMe.txt" />
  </ItemGroup>
  <ItemGroup>
    <ClInclude Include="stdafx.h">
      <Filter>Header Files</Filter>
    </ClInclude>
    <ClInclude Include="targetver.h">
      <Filter>Header Files</Filter>
    </ClInclude>
    <ClInclude Include="..\..\..\include\qc\qcintf.h">
      <Filter>Header Files\qc</Filter>
    </ClInclude>
    <ClInclude Include="..\..\..\include\qtl\string\wildcard.h">
      <Filter>Header Files\qtl\string</Filter>
    </ClInclude>
    <ClInclude Include="..\..\..\include\qtl\scheme\hash\sohash.h">
      <Filter>Header Files\qtl\scheme\hash</Filter>
    </ClInclude>
    <ClInclude Include="..\..\..\include\qtl\system\threading.h">
      <Filter>Header Files\qtl\system</Filter>
    </ClInclude>
    <ClInclude Include="..\..\..\include\qtl\system\cpphelper.h">
      <Filter>Header Files\qtl\system</Filter>
    </ClInclude>
    <ClInclude Include="..\..\..\include\qtl\scheme\pointers\bipointer.h">
      <Filter>Header Files\qtl\scheme\pointers</Filter>
    </ClInclude>
  </ItemGroup>
  <ItemGroup>
    <ClCompile Include="stdafx.cpp">
      <Filter>Source Files</Filter>
    </ClCompile>
    <ClCompile Include="..\..\common\wildcardtest.cpp">
      <Filter>Source Files</Filter>
    </ClCompile>
    <ClCompile Include="..\..\..\src\qc\qcintf.cpp">
      <Filter>Source Files\qc</Filter>
    </ClCompile>
    <ClCompile Include="..\..\common\qcwildcardtest.c">
      <Filter>Source Files</Filter>
    </ClCompile>
    <ClCompile Include="..\..\common\sohashtest.cpp">
      <Filter>Source Files</Filter>
    </ClCompile>
    <ClCompile Include="..\..\common\qcsohashtest.c">
      <Filter>Source Files</Filter>
    </ClCompile>
    <ClCompile Include="..\..\common\qcpptest.cpp">
      <Filter>Source Files</Filter>
    </ClCompile>
  </ItemGroup>
</Project>